// !$*UTF8*$!
{
	archiveVersion = 1;
	classes = {
	};
	objectVersion = 56;
	objects = {

/* Begin PBXBuildFile section */
		D0C09C102A0AD783003CABE6 /* calendarDatePickerApp.swift in Sources */ = {isa = PBXBuildFile; fileRef = D0C09C0F2A0AD783003CABE6 /* calendarDatePickerApp.swift */; };
		D0C09C122A0AD783003CABE6 /* ContentView.swift in Sources */ = {isa = PBXBuildFile; fileRef = D0C09C112A0AD783003CABE6 /* ContentView.swift */; };
		D0C09C142A0AD784003CABE6 /* Assets.xcassets in Resources */ = {isa = PBXBuildFile; fileRef = D0C09C132A0AD784003CABE6 /* Assets.xcassets */; };
		D0C09C182A0AD784003CABE6 /* Preview Assets.xcassets in Resources */ = {isa = PBXBuildFile; fileRef = D0C09C172A0AD784003CABE6 /* Preview Assets.xcassets */; };
		D0C09C222A0AD784003CABE6 /* calendarDatePickerTests.swift in Sources */ = {isa = PBXBuildFile; fileRef = D0C09C212A0AD784003CABE6 /* calendarDatePickerTests.swift */; };
		D0C09C2C2A0AD784003CABE6 /* calendarDatePickerUITests.swift in Sources */ = {isa = PBXBuildFile; fileRef = D0C09C2B2A0AD784003CABE6 /* calendarDatePickerUITests.swift */; };
		D0C09C2E2A0AD784003CABE6 /* calendarDatePickerUITestsLaunchTests.swift in Sources */ = {isa = PBXBuildFile; fileRef = D0C09C2D2A0AD784003CABE6 /* calendarDatePickerUITestsLaunchTests.swift */; };
/* End PBXBuildFile section */

/* Begin PBXContainerItemProxy section */
		D0C09C1E2A0AD784003CABE6 /* PBXContainerItemProxy */ = {
			isa = PBXContainerItemProxy;
			containerPortal = D0C09C042A0AD783003CABE6 /* Project object */;
			proxyType = 1;
			remoteGlobalIDString = D0C09C0B2A0AD783003CABE6;
			remoteInfo = calendarDatePicker;
		};
		D0C09C282A0AD784003CABE6 /* PBXContainerItemProxy */ = {
			isa = PBXContainerItemProxy;
			containerPortal = D0C09C042A0AD783003CABE6 /* Project object */;
			proxyType = 1;
			remoteGlobalIDString = D0C09C0B2A0AD783003CABE6;
			remoteInfo = calendarDatePicker;
		};
/* End PBXContainerItemProxy section */

/* Begin PBXFileReference section */
		D0C09C0C2A0AD783003CABE6 /* calendarDatePicker.app */ = {isa = PBXFileReference; explicitFileType = wrapper.application; includeInIndex = 0; path = calendarDatePicker.app; sourceTree = BUILT_PRODUCTS_DIR; };
		D0C09C0F2A0AD783003CABE6 /* calendarDatePickerApp.swift */ = {isa = PBXFileReference; lastKnownFileType = sourcecode.swift; path = calendarDatePickerApp.swift; sourceTree = "<group>"; };
		D0C09C112A0AD783003CABE6 /* ContentView.swift */ = {isa = PBXFileReference; lastKnownFileType = sourcecode.swift; path = ContentView.swift; sourceTree = "<group>"; };
		D0C09C132A0AD784003CABE6 /* Assets.xcassets */ = {isa = PBXFileReference; lastKnownFileType = folder.assetcatalog; path = Assets.xcassets; sourceTree = "<group>"; };
		D0C09C152A0AD784003CABE6 /* calendarDatePicker.entitlements */ = {isa = PBXFileReference; lastKnownFileType = text.plist.entitlements; path = calendarDatePicker.entitlements; sourceTree = "<group>"; };
		D0C09C172A0AD784003CABE6 /* Preview Assets.xcassets */ = {isa = PBXFileReference; lastKnownFileType = folder.assetcatalog; path = "Preview Assets.xcassets"; sourceTree = "<group>"; };
		D0C09C1D2A0AD784003CABE6 /* calendarDatePickerTests.xctest */ = {isa = PBXFileReference; explicitFileType = wrapper.cfbundle; includeInIndex = 0; path = calendarDatePickerTests.xctest; sourceTree = BUILT_PRODUCTS_DIR; };
		D0C09C212A0AD784003CABE6 /* calendarDatePickerTests.swift */ = {isa = PBXFileReference; lastKnownFileType = sourcecode.swift; path = calendarDatePickerTests.swift; sourceTree = "<group>"; };
		D0C09C272A0AD784003CABE6 /* calendarDatePickerUITests.xctest */ = {isa = PBXFileReference; explicitFileType = wrapper.cfbundle; includeInIndex = 0; path = calendarDatePickerUITests.xctest; sourceTree = BUILT_PRODUCTS_DIR; };
		D0C09C2B2A0AD784003CABE6 /* calendarDatePickerUITests.swift */ = {isa = PBXFileReference; lastKnownFileType = sourcecode.swift; path = calendarDatePickerUITests.swift; sourceTree = "<group>"; };
		D0C09C2D2A0AD784003CABE6 /* calendarDatePickerUITestsLaunchTests.swift */ = {isa = PBXFileReference; lastKnownFileType = sourcecode.swift; path = calendarDatePickerUITestsLaunchTests.swift; sourceTree = "<group>"; };
/* End PBXFileReference section */

/* Begin PBXFrameworksBuildPhase section */
		D0C09C092A0AD783003CABE6 /* Frameworks */ = {
			isa = PBXFrameworksBuildPhase;
			buildActionMask = 2147483647;
			files = (
			);
			runOnlyForDeploymentPostprocessing = 0;
		};
		D0C09C1A2A0AD784003CABE6 /* Frameworks */ = {
			isa = PBXFrameworksBuildPhase;
			buildActionMask = 2147483647;
			files = (
			);
			runOnlyForDeploymentPostprocessing = 0;
		};
		D0C09C242A0AD784003CABE6 /* Frameworks */ = {
			isa = PBXFrameworksBuildPhase;
			buildActionMask = 2147483647;
			files = (
			);
			runOnlyForDeploymentPostprocessing = 0;
		};
/* End PBXFrameworksBuildPhase section */

/* Begin PBXGroup section */
		D0C09C032A0AD783003CABE6 = {
			isa = PBXGroup;
			children = (
				D0C09C0E2A0AD783003CABE6 /* calendarDatePicker */,
				D0C09C202A0AD784003CABE6 /* calendarDatePickerTests */,
				D0C09C2A2A0AD784003CABE6 /* calendarDatePickerUITests */,
				D0C09C0D2A0AD783003CABE6 /* Products */,
			);
			sourceTree = "<group>";
		};
		D0C09C0D2A0AD783003CABE6 /* Products */ = {
			isa = PBXGroup;
			children = (
				D0C09C0C2A0AD783003CABE6 /* calendarDatePicker.app */,
				D0C09C1D2A0AD784003CABE6 /* calendarDatePickerTests.xctest */,
				D0C09C272A0AD784003CABE6 /* calendarDatePickerUITests.xctest */,
			);
			name = Products;
			sourceTree = "<group>";
		};
		D0C09C0E2A0AD783003CABE6 /* calendarDatePicker */ = {
			isa = PBXGroup;
			children = (
				D0C09C0F2A0AD783003CABE6 /* calendarDatePickerApp.swift */,
				D0C09C112A0AD783003CABE6 /* ContentView.swift */,
				D0C09C132A0AD784003CABE6 /* Assets.xcassets */,
				D0C09C152A0AD784003CABE6 /* calendarDatePicker.entitlements */,
				D0C09C162A0AD784003CABE6 /* Preview Content */,
			);
			path = calendarDatePicker;
			sourceTree = "<group>";
		};
		D0C09C162A0AD784003CABE6 /* Preview Content */ = {
			isa = PBXGroup;
			children = (
				D0C09C172A0AD784003CABE6 /* Preview Assets.xcassets */,
			);
			path = "Preview Content";
			sourceTree = "<group>";
		};
		D0C09C202A0AD784003CABE6 /* calendarDatePickerTests */ = {
			isa = PBXGroup;
			children = (
				D0C09C212A0AD784003CABE6 /* calendarDatePickerTests.swift */,
			);
			path = calendarDatePickerTests;
			sourceTree = "<group>";
		};
		D0C09C2A2A0AD784003CABE6 /* calendarDatePickerUITests */ = {
			isa = PBXGroup;
			children = (
				D0C09C2B2A0AD784003CABE6 /* calendarDatePickerUITests.swift */,
				D0C09C2D2A0AD784003CABE6 /* calendarDatePickerUITestsLaunchTests.swift */,
			);
			path = calendarDatePickerUITests;
			sourceTree = "<group>";
		};
/* End PBXGroup section */

/* Begin PBXNativeTarget section */
		D0C09C0B2A0AD783003CABE6 /* calendarDatePicker */ = {
			isa = PBXNativeTarget;
			buildConfigurationList = D0C09C312A0AD784003CABE6 /* Build configuration list for PBXNativeTarget "calendarDatePicker" */;
			buildPhases = (
				D0C09C082A0AD783003CABE6 /* Sources */,
				D0C09C092A0AD783003CABE6 /* Frameworks */,
				D0C09C0A2A0AD783003CABE6 /* Resources */,
			);
			buildRules = (
			);
			dependencies = (
			);
			name = calendarDatePicker;
			productName = calendarDatePicker;
			productReference = D0C09C0C2A0AD783003CABE6 /* calendarDatePicker.app */;
			productType = "com.apple.product-type.application";
		};
		D0C09C1C2A0AD784003CABE6 /* calendarDatePickerTests */ = {
			isa = PBXNativeTarget;
			buildConfigurationList = D0C09C342A0AD784003CABE6 /* Build configuration list for PBXNativeTarget "calendarDatePickerTests" */;
			buildPhases = (
				D0C09C192A0AD784003CABE6 /* Sources */,
				D0C09C1A2A0AD784003CABE6 /* Frameworks */,
				D0C09C1B2A0AD784003CABE6 /* Resources */,
			);
			buildRules = (
			);
			dependencies = (
				D0C09C1F2A0AD784003CABE6 /* PBXTargetDependency */,
			);
			name = calendarDatePickerTests;
			productName = calendarDatePickerTests;
			productReference = D0C09C1D2A0AD784003CABE6 /* calendarDatePickerTests.xctest */;
			productType = "com.apple.product-type.bundle.unit-test";
		};
		D0C09C262A0AD784003CABE6 /* calendarDatePickerUITests */ = {
			isa = PBXNativeTarget;
			buildConfigurationList = D0C09C372A0AD784003CABE6 /* Build configuration list for PBXNativeTarget "calendarDatePickerUITests" */;
			buildPhases = (
				D0C09C232A0AD784003CABE6 /* Sources */,
				D0C09C242A0AD784003CABE6 /* Frameworks */,
				D0C09C252A0AD784003CABE6 /* Resources */,
			);
			buildRules = (
			);
			dependencies = (
				D0C09C292A0AD784003CABE6 /* PBXTargetDependency */,
			);
			name = calendarDatePickerUITests;
			productName = calendarDatePickerUITests;
			productReference = D0C09C272A0AD784003CABE6 /* calendarDatePickerUITests.xctest */;
			productType = "com.apple.product-type.bundle.ui-testing";
		};
/* End PBXNativeTarget section */

/* Begin PBXProject section */
		D0C09C042A0AD783003CABE6 /* Project object */ = {
			isa = PBXProject;
			attributes = {
				BuildIndependentTargetsInParallel = 1;
				LastSwiftUpdateCheck = 1430;
				LastUpgradeCheck = 1430;
				TargetAttributes = {
					D0C09C0B2A0AD783003CABE6 = {
						CreatedOnToolsVersion = 14.3;
					};
					D0C09C1C2A0AD784003CABE6 = {
						CreatedOnToolsVersion = 14.3;
						TestTargetID = D0C09C0B2A0AD783003CABE6;
					};
					D0C09C262A0AD784003CABE6 = {
						CreatedOnToolsVersion = 14.3;
						TestTargetID = D0C09C0B2A0AD783003CABE6;
					};
				};
			};
			buildConfigurationList = D0C09C072A0AD783003CABE6 /* Build configuration list for PBXProject "calendarDatePicker" */;
			compatibilityVersion = "Xcode 14.0";
			developmentRegion = en;
			hasScannedForEncodings = 0;
			knownRegions = (
				en,
				Base,
			);
			mainGroup = D0C09C032A0AD783003CABE6;
			productRefGroup = D0C09C0D2A0AD783003CABE6 /* Products */;
			projectDirPath = "";
			projectRoot = "";
			targets = (
				D0C09C0B2A0AD783003CABE6 /* calendarDatePicker */,
				D0C09C1C2A0AD784003CABE6 /* calendarDatePickerTests */,
				D0C09C262A0AD784003CABE6 /* calendarDatePickerUITests */,
			);
		};
/* End PBXProject section */

/* Begin PBXResourcesBuildPhase section */
		D0C09C0A2A0AD783003CABE6 /* Resources */ = {
			isa = PBXResourcesBuildPhase;
			buildActionMask = 2147483647;
			files = (
				D0C09C182A0AD784003CABE6 /* Preview Assets.xcassets in Resources */,
				D0C09C142A0AD784003CABE6 /* Assets.xcassets in Resources */,
			);
			runOnlyForDeploymentPostprocessing = 0;
		};
		D0C09C1B2A0AD784003CABE6 /* Resources */ = {
			isa = PBXResourcesBuildPhase;
			buildActionMask = 2147483647;
			files = (
			);
			runOnlyForDeploymentPostprocessing = 0;
		};
		D0C09C252A0AD784003CABE6 /* Resources */ = {
			isa = PBXResourcesBuildPhase;
			buildActionMask = 2147483647;
			files = (
			);
			runOnlyForDeploymentPostprocessing = 0;
		};
/* End PBXResourcesBuildPhase section */

/* Begin PBXSourcesBuildPhase section */
		D0C09C082A0AD783003CABE6 /* Sources */ = {
			isa = PBXSourcesBuildPhase;
			buildActionMask = 2147483647;
			files = (
				D0C09C122A0AD783003CABE6 /* ContentView.swift in Sources */,
				D0C09C102A0AD783003CABE6 /* calendarDatePickerApp.swift in Sources */,
			);
			runOnlyForDeploymentPostprocessing = 0;
		};
		D0C09C192A0AD784003CABE6 /* Sources */ = {
			isa = PBXSourcesBuildPhase;
			buildActionMask = 2147483647;
			files = (
				D0C09C222A0AD784003CABE6 /* calendarDatePickerTests.swift in Sources */,
			);
			runOnlyForDeploymentPostprocessing = 0;
		};
		D0C09C232A0AD784003CABE6 /* Sources */ = {
			isa = PBXSourcesBuildPhase;
			buildActionMask = 2147483647;
			files = (
				D0C09C2E2A0AD784003CABE6 /* calendarDatePickerUITestsLaunchTests.swift in Sources */,
				D0C09C2C2A0AD784003CABE6 /* calendarDatePickerUITests.swift in Sources */,
			);
			runOnlyForDeploymentPostprocessing = 0;
		};
/* End PBXSourcesBuildPhase section */

/* Begin PBXTargetDependency section */
		D0C09C1F2A0AD784003CABE6 /* PBXTargetDependency */ = {
			isa = PBXTargetDependency;
			target = D0C09C0B2A0AD783003CABE6 /* calendarDatePicker */;
			targetProxy = D0C09C1E2A0AD784003CABE6 /* PBXContainerItemProxy */;
		};
		D0C09C292A0AD784003CABE6 /* PBXTargetDependency */ = {
			isa = PBXTargetDependency;
			target = D0C09C0B2A0AD783003CABE6 /* calendarDatePicker */;
			targetProxy = D0C09C282A0AD784003CABE6 /* PBXContainerItemProxy */;
		};
/* End PBXTargetDependency section */

/* Begin XCBuildConfiguration section */
		D0C09C2F2A0AD784003CABE6 /* Debug */ = {
			isa = XCBuildConfiguration;
			buildSettings = {
				ALWAYS_SEARCH_USER_PATHS = NO;
				CLANG_ANALYZER_NONNULL = YES;
				CLANG_ANALYZER_NUMBER_OBJECT_CONVERSION = YES_AGGRESSIVE;
				CLANG_CXX_LANGUAGE_STANDARD = "gnu++20";
				CLANG_ENABLE_MODULES = YES;
				CLANG_ENABLE_OBJC_ARC = YES;
				CLANG_ENABLE_OBJC_WEAK = YES;
				CLANG_WARN_BLOCK_CAPTURE_AUTORELEASING = YES;
				CLANG_WARN_BOOL_CONVERSION = YES;
				CLANG_WARN_COMMA = YES;
				CLANG_WARN_CONSTANT_CONVERSION = YES;
				CLANG_WARN_DEPRECATED_OBJC_IMPLEMENTATIONS = YES;
				CLANG_WARN_DIRECT_OBJC_ISA_USAGE = YES_ERROR;
				CLANG_WARN_DOCUMENTATION_COMMENTS = YES;
				CLANG_WARN_EMPTY_BODY = YES;
				CLANG_WARN_ENUM_CONVERSION = YES;
				CLANG_WARN_INFINITE_RECURSION = YES;
				CLANG_WARN_INT_CONVERSION = YES;
				CLANG_WARN_NON_LITERAL_NULL_CONVERSION = YES;
				CLANG_WARN_OBJC_IMPLICIT_RETAIN_SELF = YES;
				CLANG_WARN_OBJC_LITERAL_CONVERSION = YES;
				CLANG_WARN_OBJC_ROOT_CLASS = YES_ERROR;
				CLANG_WARN_QUOTED_INCLUDE_IN_FRAMEWORK_HEADER = YES;
				CLANG_WARN_RANGE_LOOP_ANALYSIS = YES;
				CLANG_WARN_STRICT_PROTOTYPES = YES;
				CLANG_WARN_SUSPICIOUS_MOVE = YES;
				CLANG_WARN_UNGUARDED_AVAILABILITY = YES_AGGRESSIVE;
				CLANG_WARN_UNREACHABLE_CODE = YES;
				CLANG_WARN__DUPLICATE_METHOD_MATCH = YES;
				COPY_PHASE_STRIP = NO;
				DEBUG_INFORMATION_FORMAT = dwarf;
				ENABLE_STRICT_OBJC_MSGSEND = YES;
				ENABLE_TESTABILITY = YES;
				GCC_C_LANGUAGE_STANDARD = gnu11;
				GCC_DYNAMIC_NO_PIC = NO;
				GCC_NO_COMMON_BLOCKS = YES;
				GCC_OPTIMIZATION_LEVEL = 0;
				GCC_PREPROCESSOR_DEFINITIONS = (
					"DEBUG=1",
					"$(inherited)",
				);
				GCC_WARN_64_TO_32_BIT_CONVERSION = YES;
				GCC_WARN_ABOUT_RETURN_TYPE = YES_ERROR;
				GCC_WARN_UNDECLARED_SELECTOR = YES;
				GCC_WARN_UNINITIALIZED_AUTOS = YES_AGGRESSIVE;
				GCC_WARN_UNUSED_FUNCTION = YES;
				GCC_WARN_UNUSED_VARIABLE = YES;
				MTL_ENABLE_DEBUG_INFO = INCLUDE_SOURCE;
				MTL_FAST_MATH = YES;
				ONLY_ACTIVE_ARCH = YES;
				SWIFT_ACTIVE_COMPILATION_CONDITIONS = DEBUG;
				SWIFT_OPTIMIZATION_LEVEL = "-Onone";
			};
			name = Debug;
		};
		D0C09C302A0AD784003CABE6 /* Release */ = {
			isa = XCBuildConfiguration;
			buildSettings = {
				ALWAYS_SEARCH_USER_PATHS = NO;
				CLANG_ANALYZER_NONNULL = YES;
				CLANG_ANALYZER_NUMBER_OBJECT_CONVERSION = YES_AGGRESSIVE;
				CLANG_CXX_LANGUAGE_STANDARD = "gnu++20";
				CLANG_ENABLE_MODULES = YES;
				CLANG_ENABLE_OBJC_ARC = YES;
				CLANG_ENABLE_OBJC_WEAK = YES;
				CLANG_WARN_BLOCK_CAPTURE_AUTORELEASING = YES;
				CLANG_WARN_BOOL_CONVERSION = YES;
				CLANG_WARN_COMMA = YES;
				CLANG_WARN_CONSTANT_CONVERSION = YES;
				CLANG_WARN_DEPRECATED_OBJC_IMPLEMENTATIONS = YES;
				CLANG_WARN_DIRECT_OBJC_ISA_USAGE = YES_ERROR;
				CLANG_WARN_DOCUMENTATION_COMMENTS = YES;
				CLANG_WARN_EMPTY_BODY = YES;
				CLANG_WARN_ENUM_CONVERSION = YES;
				CLANG_WARN_INFINITE_RECURSION = YES;
				CLANG_WARN_INT_CONVERSION = YES;
				CLANG_WARN_NON_LITERAL_NULL_CONVERSION = YES;
				CLANG_WARN_OBJC_IMPLICIT_RETAIN_SELF = YES;
				CLANG_WARN_OBJC_LITERAL_CONVERSION = YES;
				CLANG_WARN_OBJC_ROOT_CLASS = YES_ERROR;
				CLANG_WARN_QUOTED_INCLUDE_IN_FRAMEWORK_HEADER = YES;
				CLANG_WARN_RANGE_LOOP_ANALYSIS = YES;
				CLANG_WARN_STRICT_PROTOTYPES = YES;
				CLANG_WARN_SUSPICIOUS_MOVE = YES;
				CLANG_WARN_UNGUARDED_AVAILABILITY = YES_AGGRESSIVE;
				CLANG_WARN_UNREACHABLE_CODE = YES;
				CLANG_WARN__DUPLICATE_METHOD_MATCH = YES;
				COPY_PHASE_STRIP = NO;
				DEBUG_INFORMATION_FORMAT = "dwarf-with-dsym";
				ENABLE_NS_ASSERTIONS = NO;
				ENABLE_STRICT_OBJC_MSGSEND = YES;
				GCC_C_LANGUAGE_STANDARD = gnu11;
				GCC_NO_COMMON_BLOCKS = YES;
				GCC_WARN_64_TO_32_BIT_CONVERSION = YES;
				GCC_WARN_ABOUT_RETURN_TYPE = YES_ERROR;
				GCC_WARN_UNDECLARED_SELECTOR = YES;
				GCC_WARN_UNINITIALIZED_AUTOS = YES_AGGRESSIVE;
				GCC_WARN_UNUSED_FUNCTION = YES;
				GCC_WARN_UNUSED_VARIABLE = YES;
				MTL_ENABLE_DEBUG_INFO = NO;
				MTL_FAST_MATH = YES;
				SWIFT_COMPILATION_MODE = wholemodule;
				SWIFT_OPTIMIZATION_LEVEL = "-O";
			};
			name = Release;
		};
		D0C09C322A0AD784003CABE6 /* Debug */ = {
			isa = XCBuildConfiguration;
			buildSettings = {
				ASSETCATALOG_COMPILER_APPICON_NAME = AppIcon;
				ASSETCATALOG_COMPILER_GLOBAL_ACCENT_COLOR_NAME = AccentColor;
				CODE_SIGN_ENTITLEMENTS = calendarDatePicker/calendarDatePicker.entitlements;
				CODE_SIGN_STYLE = Automatic;
				CURRENT_PROJECT_VERSION = 1;
				DEVELOPMENT_ASSET_PATHS = "\"calendarDatePicker/Preview Content\"";
				DEVELOPMENT_TEAM = 65W8S73GF6;
				ENABLE_HARDENED_RUNTIME = YES;
				ENABLE_PREVIEWS = YES;
				GENERATE_INFOPLIST_FILE = YES;
				"INFOPLIST_KEY_UIApplicationSceneManifest_Generation[sdk=iphoneos*]" = YES;
				"INFOPLIST_KEY_UIApplicationSceneManifest_Generation[sdk=iphonesimulator*]" = YES;
				"INFOPLIST_KEY_UIApplicationSupportsIndirectInputEvents[sdk=iphoneos*]" = YES;
				"INFOPLIST_KEY_UIApplicationSupportsIndirectInputEvents[sdk=iphonesimulator*]" = YES;
				"INFOPLIST_KEY_UILaunchScreen_Generation[sdk=iphoneos*]" = YES;
				"INFOPLIST_KEY_UILaunchScreen_Generation[sdk=iphonesimulator*]" = YES;
				"INFOPLIST_KEY_UIStatusBarStyle[sdk=iphoneos*]" = UIStatusBarStyleDefault;
				"INFOPLIST_KEY_UIStatusBarStyle[sdk=iphonesimulator*]" = UIStatusBarStyleDefault;
				INFOPLIST_KEY_UISupportedInterfaceOrientations_iPad = "UIInterfaceOrientationPortrait UIInterfaceOrientationPortraitUpsideDown UIInterfaceOrientationLandscapeLeft UIInterfaceOrientationLandscapeRight";
				INFOPLIST_KEY_UISupportedInterfaceOrientations_iPhone = "UIInterfaceOrientationPortrait UIInterfaceOrientationLandscapeLeft UIInterfaceOrientationLandscapeRight";
				IPHONEOS_DEPLOYMENT_TARGET = 16.4;
				LD_RUNPATH_SEARCH_PATHS = "@executable_path/Frameworks";
				"LD_RUNPATH_SEARCH_PATHS[sdk=macosx*]" = "@executable_path/../Frameworks";
				MACOSX_DEPLOYMENT_TARGET = 13.3;
				MARKETING_VERSION = 1.0;
				PRODUCT_BUNDLE_IDENTIFIER = PeterDeyi.calendarDatePicker;
				PRODUCT_NAME = "$(TARGET_NAME)";
				SDKROOT = auto;
				SUPPORTED_PLATFORMS = "iphoneos iphonesimulator macosx";
				SWIFT_EMIT_LOC_STRINGS = YES;
				SWIFT_VERSION = 5.0;
				TARGETED_DEVICE_FAMILY = "1,2";
			};
			name = Debug;
		};
		D0C09C332A0AD784003CABE6 /* Release */ = {
			isa = XCBuildConfiguration;
			buildSettings = {
				ASSETCATALOG_COMPILER_APPICON_NAME = AppIcon;
				ASSETCATALOG_COMPILER_GLOBAL_ACCENT_COLOR_NAME = AccentColor;
				CODE_SIGN_ENTITLEMENTS = calendarDatePicker/calendarDatePicker.entitlements;
				CODE_SIGN_STYLE = Automatic;
				CURRENT_PROJECT_VERSION = 1;
				DEVELOPMENT_ASSET_PATHS = "\"calendarDatePicker/Preview Content\"";
				DEVELOPMENT_TEAM = 65W8S73GF6;
				ENABLE_HARDENED_RUNTIME = YES;
				ENABLE_PREVIEWS = YES;
				GENERATE_INFOPLIST_FILE = YES;
				"INFOPLIST_KEY_UIApplicationSceneManifest_Generation[sdk=iphoneos*]" = YES;
				"INFOPLIST_KEY_UIApplicationSceneManifest_Generation[sdk=iphonesimulator*]" = YES;
				"INFOPLIST_KEY_UIApplicationSupportsIndirectInputEvents[sdk=iphoneos*]" = YES;
				"INFOPLIST_KEY_UIApplicationSupportsIndirectInputEvents[sdk=iphonesimulator*]" = YES;
				"INFOPLIST_KEY_UILaunchScreen_Generation[sdk=iphoneos*]" = YES;
				"INFOPLIST_KEY_UILaunchScreen_Generation[sdk=iphonesimulator*]" = YES;
				"INFOPLIST_KEY_UIStatusBarStyle[sdk=iphoneos*]" = UIStatusBarStyleDefault;
				"INFOPLIST_KEY_UIStatusBarStyle[sdk=iphonesimulator*]" = UIStatusBarStyleDefault;
				INFOPLIST_KEY_UISupportedInterfaceOrientations_iPad = "UIInterfaceOrientationPortrait UIInterfaceOrientationPortraitUpsideDown UIInterfaceOrientationLandscapeLeft UIInterfaceOrientationLandscapeRight";
				INFOPLIST_KEY_UISupportedInterfaceOrientations_iPhone = "UIInterfaceOrientationPortrait UIInterfaceOrientationLandscapeLeft UIInterfaceOrientationLandscapeRight";
				IPHONEOS_DEPLOYMENT_TARGET = 16.4;
				LD_RUNPATH_SEARCH_PATHS = "@executable_path/Frameworks";
				"LD_RUNPATH_SEARCH_PATHS[sdk=macosx*]" = "@executable_path/../Frameworks";
				MACOSX_DEPLOYMENT_TARGET = 13.3;
				MARKETING_VERSION = 1.0;
				PRODUCT_BUNDLE_IDENTIFIER = PeterDeyi.calendarDatePicker;
				PRODUCT_NAME = "$(TARGET_NAME)";
				SDKROOT = auto;
				SUPPORTED_PLATFORMS = "iphoneos iphonesimulator macosx";
				SWIFT_EMIT_LOC_STRINGS = YES;
				SWIFT_VERSION = 5.0;
				TARGETED_DEVICE_FAMILY = "1,2";
			};
			name = Release;
		};
		D0C09C352A0AD784003CABE6 /* Debug */ = {
			isa = XCBuildConfiguration;
			buildSettings = {
				ALWAYS_EMBED_SWIFT_STANDARD_LIBRARIES = YES;
				BUNDLE_LOADER = "$(TEST_HOST)";
				CODE_SIGN_STYLE = Automatic;
				CURRENT_PROJECT_VERSION = 1;
				DEVELOPMENT_TEAM = 65W8S73GF6;
				GENERATE_INFOPLIST_FILE = YES;
				IPHONEOS_DEPLOYMENT_TARGET = 16.4;
				MACOSX_DEPLOYMENT_TARGET = 13.3;
				MARKETING_VERSION = 1.0;
				PRODUCT_BUNDLE_IDENTIFIER = PeterDeyi.calendarDatePickerTests;
				PRODUCT_NAME = "$(TARGET_NAME)";
				SDKROOT = auto;
				SUPPORTED_PLATFORMS = "iphoneos iphonesimulator macosx";
				SWIFT_EMIT_LOC_STRINGS = NO;
				SWIFT_VERSION = 5.0;
				TARGETED_DEVICE_FAMILY = "1,2";
				TEST_HOST = "$(BUILT_PRODUCTS_DIR)/calendarDatePicker.app/$(BUNDLE_EXECUTABLE_FOLDER_PATH)/calendarDatePicker";
			};
			name = Debug;
		};
		D0C09C362A0AD784003CABE6 /* Release */ = {
			isa = XCBuildConfiguration;
			buildSettings = {
				ALWAYS_EMBED_SWIFT_STANDARD_LIBRARIES = YES;
				BUNDLE_LOADER = "$(TEST_HOST)";
				CODE_SIGN_STYLE = Automatic;
				CURRENT_PROJECT_VERSION = 1;
				DEVELOPMENT_TEAM = 65W8S73GF6;
				GENERATE_INFOPLIST_FILE = YES;
				IPHONEOS_DEPLOYMENT_TARGET = 16.4;
				MACOSX_DEPLOYMENT_TARGET = 13.3;
				MARKETING_VERSION = 1.0;
				PRODUCT_BUNDLE_IDENTIFIER = PeterDeyi.calendarDatePickerTests;
				PRODUCT_NAME = "$(TARGET_NAME)";
				SDKROOT = auto;
				SUPPORTED_PLATFORMS = "iphoneos iphonesimulator macosx";
				SWIFT_EMIT_LOC_STRINGS = NO;
				SWIFT_VERSION = 5.0;
				TARGETED_DEVICE_FAMILY = "1,2";
				TEST_HOST = "$(BUILT_PRODUCTS_DIR)/calendarDatePicker.app/$(BUNDLE_EXECUTABLE_FOLDER_PATH)/calendarDatePicker";
			};
			name = Release;
		};
		D0C09C382A0AD784003CABE6 /* Debug */ = {
			isa = XCBuildConfiguration;
			buildSettings = {
				ALWAYS_EMBED_SWIFT_STANDARD_LIBRARIES = YES;
				CODE_SIGN_STYLE = Automatic;
				CURRENT_PROJECT_VERSION = 1;
				DEVELOPMENT_TEAM = 65W8S73GF6;
				GENERATE_INFOPLIST_FILE = YES;
				IPHONEOS_DEPLOYMENT_TARGET = 16.4;
				MACOSX_DEPLOYMENT_TARGET = 13.3;
				MARKETING_VERSION = 1.0;
				PRODUCT_BUNDLE_IDENTIFIER = PeterDeyi.calendarDatePickerUITests;
				PRODUCT_NAME = "$(TARGET_NAME)";
				SDKROOT = auto;
				SUPPORTED_PLATFORMS = "iphoneos iphonesimulator macosx";
				SWIFT_EMIT_LOC_STRINGS = NO;
				SWIFT_VERSION = 5.0;
				TARGETED_DEVICE_FAMILY = "1,2";
				TEST_TARGET_NAME = calendarDatePicker;
			};
			name = Debug;
		};
		D0C09C392A0AD784003CABE6 /* Release */ = {
			isa = XCBuildConfiguration;
			buildSettings = {
				ALWAYS_EMBED_SWIFT_STANDARD_LIBRARIES = YES;
				CODE_SIGN_STYLE = Automatic;
				CURRENT_PROJECT_VERSION = 1;
				DEVELOPMENT_TEAM = 65W8S73GF6;
				GENERATE_INFOPLIST_FILE = YES;
				IPHONEOS_DEPLOYMENT_TARGET = 16.4;
				MACOSX_DEPLOYMENT_TARGET = 13.3;
				MARKETING_VERSION = 1.0;
				PRODUCT_BUNDLE_IDENTIFIER = PeterDeyi.calendarDatePickerUITests;
				PRODUCT_NAME = "$(TARGET_NAME)";
				SDKROOT = auto;
				SUPPORTED_PLATFORMS = "iphoneos iphonesimulator macosx";
				SWIFT_EMIT_LOC_STRINGS = NO;
				SWIFT_VERSION = 5.0;
				TARGETED_DEVICE_FAMILY = "1,2";
				TEST_TARGET_NAME = calendarDatePicker;
			};
			name = Release;
		};
/* End XCBuildConfiguration section */

/* Begin XCConfigurationList section */
		D0C09C072A0AD783003CABE6 /* Build configuration list for PBXProject "calendarDatePicker" */ = {
			isa = XCConfigurationList;
			buildConfigurations = (
				D0C09C2F2A0AD784003CABE6 /* Debug */,
				D0C09C302A0AD784003CABE6 /* Release */,
			);
			defaultConfigurationIsVisible = 0;
			defaultConfigurationName = Release;
		};
		D0C09C312A0AD784003CABE6 /* Build configuration list for PBXNativeTarget "calendarDatePicker" */ = {
			isa = XCConfigurationList;
			buildConfigurations = (
				D0C09C322A0AD784003CABE6 /* Debug */,
				D0C09C332A0AD784003CABE6 /* Release */,
			);
			defaultConfigurationIsVisible = 0;
			defaultConfigurationName = Release;
		};
		D0C09C342A0AD784003CABE6 /* Build configuration list for PBXNativeTarget "calendarDatePickerTests" */ = {
			isa = XCConfigurationList;
			buildConfigurations = (
				D0C09C352A0AD784003CABE6 /* Debug */,
				D0C09C362A0AD784003CABE6 /* Release */,
			);
			defaultConfigurationIsVisible = 0;
			defaultConfigurationName = Release;
		};
		D0C09C372A0AD784003CABE6 /* Build configuration list for PBXNativeTarget "calendarDatePickerUITests" */ = {
			isa = XCConfigurationList;
			buildConfigurations = (
				D0C09C382A0AD784003CABE6 /* Debug */,
				D0C09C392A0AD784003CABE6 /* Release */,
			);
			defaultConfigurationIsVisible = 0;
			defaultConfigurationName = Release;
		};
/* End XCConfigurationList section */
	};
	rootObject = D0C09C042A0AD783003CABE6 /* Project object */;
}
